{
  "name": "aizaz-ahmad.github.io",
  "version": "1.0.0",
  "lockfileVersion": 1,
  "requires": true,
  "dependencies": {
    "tsparticles": {
      "version": "1.35.1",
      "resolved": "https://registry.npmjs.org/tsparticles/-/tsparticles-1.35.1.tgz",
      "integrity": "sha512-IXalxMl/H4BRunVeHrdNZuk6KoZo5BBoSQ1zab/2LVL1Bz1M+WMyS63TcFuveHRVQFsg70vsQlSE/gI7RGjgGQ==",
      "dev": true
    }
  }
}
